// !$*UTF8*$!
{
	archiveVersion = 1;
	classes = {
	};
	objectVersion = 56;
	objects = {

/* Begin PBXBuildFile section */
		DD061DAA2A1783E3003DFE73 /* WeatherReportApp.swift in Sources */ = {isa = PBXBuildFile; fileRef = DD061DA92A1783E3003DFE73 /* WeatherReportApp.swift */; };
		DD061DAC2A1783E3003DFE73 /* ContentView.swift in Sources */ = {isa = PBXBuildFile; fileRef = DD061DAB2A1783E3003DFE73 /* ContentView.swift */; };
		DD061DAE2A1783E5003DFE73 /* Assets.xcassets in Resources */ = {isa = PBXBuildFile; fileRef = DD061DAD2A1783E5003DFE73 /* Assets.xcassets */; };
		DD061DB12A1783E5003DFE73 /* Preview Assets.xcassets in Resources */ = {isa = PBXBuildFile; fileRef = DD061DB02A1783E5003DFE73 /* Preview Assets.xcassets */; };
		DD061DBC2A178A96003DFE73 /* WeatherView.swift in Sources */ = {isa = PBXBuildFile; fileRef = DD061DBB2A178A95003DFE73 /* WeatherView.swift */; };
		DD061DBF2A178B8F003DFE73 /* NetworkServiceAA.swift in Sources */ = {isa = PBXBuildFile; fileRef = DD061DBE2A178B8F003DFE73 /* NetworkServiceAA.swift */; };
		DD061DC12A178BF5003DFE73 /* URLManager.swift in Sources */ = {isa = PBXBuildFile; fileRef = DD061DC02A178BF5003DFE73 /* URLManager.swift */; };
		DD061DC32A178CD6003DFE73 /* NetworkError.swift in Sources */ = {isa = PBXBuildFile; fileRef = DD061DC22A178CD6003DFE73 /* NetworkError.swift */; };
		DD061DC72A1790EA003DFE73 /* WeatherViewModel.swift in Sources */ = {isa = PBXBuildFile; fileRef = DD061DC62A1790EA003DFE73 /* WeatherViewModel.swift */; };
		DD061DCA2A17915E003DFE73 /* WeatherData.swift in Sources */ = {isa = PBXBuildFile; fileRef = DD061DC92A17915E003DFE73 /* WeatherData.swift */; };
		DD061DCD2A17CA40003DFE73 /* DataService.swift in Sources */ = {isa = PBXBuildFile; fileRef = DD061DCC2A17CA40003DFE73 /* DataService.swift */; };
/* End PBXBuildFile section */

/* Begin PBXFileReference section */
		DD061DA62A1783E3003DFE73 /* WeatherReport.app */ = {isa = PBXFileReference; explicitFileType = wrapper.application; includeInIndex = 0; path = WeatherReport.app; sourceTree = BUILT_PRODUCTS_DIR; };
		DD061DA92A1783E3003DFE73 /* WeatherReportApp.swift */ = {isa = PBXFileReference; lastKnownFileType = sourcecode.swift; path = WeatherReportApp.swift; sourceTree = "<group>"; };
		DD061DAB2A1783E3003DFE73 /* ContentView.swift */ = {isa = PBXFileReference; lastKnownFileType = sourcecode.swift; path = ContentView.swift; sourceTree = "<group>"; };
		DD061DAD2A1783E5003DFE73 /* Assets.xcassets */ = {isa = PBXFileReference; lastKnownFileType = folder.assetcatalog; path = Assets.xcassets; sourceTree = "<group>"; };
		DD061DB02A1783E5003DFE73 /* Preview Assets.xcassets */ = {isa = PBXFileReference; lastKnownFileType = folder.assetcatalog; path = "Preview Assets.xcassets"; sourceTree = "<group>"; };
		DD061DBB2A178A95003DFE73 /* WeatherView.swift */ = {isa = PBXFileReference; lastKnownFileType = sourcecode.swift; path = WeatherView.swift; sourceTree = "<group>"; };
		DD061DBE2A178B8F003DFE73 /* NetworkServiceAA.swift */ = {isa = PBXFileReference; lastKnownFileType = sourcecode.swift; path = NetworkServiceAA.swift; sourceTree = "<group>"; };
		DD061DC02A178BF5003DFE73 /* URLManager.swift */ = {isa = PBXFileReference; lastKnownFileType = sourcecode.swift; path = URLManager.swift; sourceTree = "<group>"; };
		DD061DC22A178CD6003DFE73 /* NetworkError.swift */ = {isa = PBXFileReference; lastKnownFileType = sourcecode.swift; path = NetworkError.swift; sourceTree = "<group>"; };
		DD061DC62A1790EA003DFE73 /* WeatherViewModel.swift */ = {isa = PBXFileReference; lastKnownFileType = sourcecode.swift; path = WeatherViewModel.swift; sourceTree = "<group>"; };
		DD061DC92A17915E003DFE73 /* WeatherData.swift */ = {isa = PBXFileReference; lastKnownFileType = sourcecode.swift; path = WeatherData.swift; sourceTree = "<group>"; };
		DD061DCC2A17CA40003DFE73 /* DataService.swift */ = {isa = PBXFileReference; lastKnownFileType = sourcecode.swift; path = DataService.swift; sourceTree = "<group>"; };
/* End PBXFileReference section */

/* Begin PBXFrameworksBuildPhase section */
		DD061DA32A1783E3003DFE73 /* Frameworks */ = {
			isa = PBXFrameworksBuildPhase;
			buildActionMask = 2147483647;
			files = (
			);
			runOnlyForDeploymentPostprocessing = 0;
		};
/* End PBXFrameworksBuildPhase section */

/* Begin PBXGroup section */
		DD061D9D2A1783E3003DFE73 = {
			isa = PBXGroup;
			children = (
				DD061DA82A1783E3003DFE73 /* WeatherReport */,
				DD061DA72A1783E3003DFE73 /* Products */,
			);
			sourceTree = "<group>";
		};
		DD061DA72A1783E3003DFE73 /* Products */ = {
			isa = PBXGroup;
			children = (
				DD061DA62A1783E3003DFE73 /* WeatherReport.app */,
			);
			name = Products;
			sourceTree = "<group>";
		};
		DD061DA82A1783E3003DFE73 /* WeatherReport */ = {
			isa = PBXGroup;
			children = (
				DD061DB82A178A45003DFE73 /* Application */,
				DD061DC82A179103003DFE73 /* Model */,
				DD061DBA2A178A6F003DFE73 /* View */,
				DD061DC52A1790C7003DFE73 /* ViewModel */,
				DD061DBD2A178B6C003DFE73 /* Service */,
				DD061DB92A178A5F003DFE73 /* Supporting files */,
				DD061DAF2A1783E5003DFE73 /* Preview Content */,
			);
			path = WeatherReport;
			sourceTree = "<group>";
		};
		DD061DAF2A1783E5003DFE73 /* Preview Content */ = {
			isa = PBXGroup;
			children = (
				DD061DB02A1783E5003DFE73 /* Preview Assets.xcassets */,
			);
			path = "Preview Content";
			sourceTree = "<group>";
		};
		DD061DB82A178A45003DFE73 /* Application */ = {
			isa = PBXGroup;
			children = (
				DD061DA92A1783E3003DFE73 /* WeatherReportApp.swift */,
			);
			path = Application;
			sourceTree = "<group>";
		};
		DD061DB92A178A5F003DFE73 /* Supporting files */ = {
			isa = PBXGroup;
			children = (
				DD061DAD2A1783E5003DFE73 /* Assets.xcassets */,
			);
			path = "Supporting files";
			sourceTree = "<group>";
		};
		DD061DBA2A178A6F003DFE73 /* View */ = {
			isa = PBXGroup;
			children = (
				DD061DAB2A1783E3003DFE73 /* ContentView.swift */,
				DD061DBB2A178A95003DFE73 /* WeatherView.swift */,
			);
			path = View;
			sourceTree = "<group>";
		};
		DD061DBD2A178B6C003DFE73 /* Service */ = {
			isa = PBXGroup;
			children = (
				DD061DCC2A17CA40003DFE73 /* DataService.swift */,
				DD061DCB2A17CA26003DFE73 /* Network */,
			);
			path = Service;
			sourceTree = "<group>";
		};
		DD061DC42A178D11003DFE73 /* Error */ = {
			isa = PBXGroup;
			children = (
				DD061DC22A178CD6003DFE73 /* NetworkError.swift */,
			);
			path = Error;
			sourceTree = "<group>";
		};
		DD061DC52A1790C7003DFE73 /* ViewModel */ = {
			isa = PBXGroup;
			children = (
				DD061DC62A1790EA003DFE73 /* WeatherViewModel.swift */,
			);
			path = ViewModel;
			sourceTree = "<group>";
		};
		DD061DC82A179103003DFE73 /* Model */ = {
			isa = PBXGroup;
			children = (
				DD061DC92A17915E003DFE73 /* WeatherData.swift */,
			);
			path = Model;
			sourceTree = "<group>";
		};
		DD061DCB2A17CA26003DFE73 /* Network */ = {
			isa = PBXGroup;
			children = (
				DD061DC42A178D11003DFE73 /* Error */,
				DD061DBE2A178B8F003DFE73 /* NetworkServiceAA.swift */,
				DD061DC02A178BF5003DFE73 /* URLManager.swift */,
			);
			path = Network;
			sourceTree = "<group>";
		};
/* End PBXGroup section */

/* Begin PBXNativeTarget section */
		DD061DA52A1783E3003DFE73 /* WeatherReport */ = {
			isa = PBXNativeTarget;
			buildConfigurationList = DD061DB42A1783E5003DFE73 /* Build configuration list for PBXNativeTarget "WeatherReport" */;
			buildPhases = (
				DD061DA22A1783E3003DFE73 /* Sources */,
				DD061DA32A1783E3003DFE73 /* Frameworks */,
				DD061DA42A1783E3003DFE73 /* Resources */,
			);
			buildRules = (
			);
			dependencies = (
			);
			name = WeatherReport;
			productName = WeatherReport;
			productReference = DD061DA62A1783E3003DFE73 /* WeatherReport.app */;
			productType = "com.apple.product-type.application";
		};
/* End PBXNativeTarget section */

/* Begin PBXProject section */
		DD061D9E2A1783E3003DFE73 /* Project object */ = {
			isa = PBXProject;
			attributes = {
				BuildIndependentTargetsInParallel = 1;
				LastSwiftUpdateCheck = 1430;
				LastUpgradeCheck = 1430;
				TargetAttributes = {
					DD061DA52A1783E3003DFE73 = {
						CreatedOnToolsVersion = 14.3;
					};
				};
			};
			buildConfigurationList = DD061DA12A1783E3003DFE73 /* Build configuration list for PBXProject "WeatherReport" */;
			compatibilityVersion = "Xcode 14.0";
			developmentRegion = en;
			hasScannedForEncodings = 0;
			knownRegions = (
				en,
				Base,
			);
			mainGroup = DD061D9D2A1783E3003DFE73;
			productRefGroup = DD061DA72A1783E3003DFE73 /* Products */;
			projectDirPath = "";
			projectRoot = "";
			targets = (
				DD061DA52A1783E3003DFE73 /* WeatherReport */,
			);
		};
/* End PBXProject section */

/* Begin PBXResourcesBuildPhase section */
		DD061DA42A1783E3003DFE73 /* Resources */ = {
			isa = PBXResourcesBuildPhase;
			buildActionMask = 2147483647;
			files = (
				DD061DB12A1783E5003DFE73 /* Preview Assets.xcassets in Resources */,
				DD061DAE2A1783E5003DFE73 /* Assets.xcassets in Resources */,
			);
			runOnlyForDeploymentPostprocessing = 0;
		};
/* End PBXResourcesBuildPhase section */

/* Begin PBXSourcesBuildPhase section */
		DD061DA22A1783E3003DFE73 /* Sources */ = {
			isa = PBXSourcesBuildPhase;
			buildActionMask = 2147483647;
			files = (
				DD061DCD2A17CA40003DFE73 /* DataService.swift in Sources */,
				DD061DBC2A178A96003DFE73 /* WeatherView.swift in Sources */,
				DD061DAC2A1783E3003DFE73 /* ContentView.swift in Sources */,
				DD061DBF2A178B8F003DFE73 /* NetworkServiceAA.swift in Sources */,
				DD061DC72A1790EA003DFE73 /* WeatherViewModel.swift in Sources */,
				DD061DC32A178CD6003DFE73 /* NetworkError.swift in Sources */,
				DD061DC12A178BF5003DFE73 /* URLManager.swift in Sources */,
				DD061DCA2A17915E003DFE73 /* WeatherData.swift in Sources */,
				DD061DAA2A1783E3003DFE73 /* WeatherReportApp.swift in Sources */,
			);
			runOnlyForDeploymentPostprocessing = 0;
		};
/* End PBXSourcesBuildPhase section */

/* Begin XCBuildConfiguration section */
		DD061DB22A1783E5003DFE73 /* Debug */ = {
			isa = XCBuildConfiguration;
			buildSettings = {
				ALWAYS_SEARCH_USER_PATHS = NO;
				CLANG_ANALYZER_NONNULL = YES;
				CLANG_ANALYZER_NUMBER_OBJECT_CONVERSION = YES_AGGRESSIVE;
				CLANG_CXX_LANGUAGE_STANDARD = "gnu++20";
				CLANG_ENABLE_MODULES = YES;
				CLANG_ENABLE_OBJC_ARC = YES;
				CLANG_ENABLE_OBJC_WEAK = YES;
				CLANG_WARN_BLOCK_CAPTURE_AUTORELEASING = YES;
				CLANG_WARN_BOOL_CONVERSION = YES;
				CLANG_WARN_COMMA = YES;
				CLANG_WARN_CONSTANT_CONVERSION = YES;
				CLANG_WARN_DEPRECATED_OBJC_IMPLEMENTATIONS = YES;
				CLANG_WARN_DIRECT_OBJC_ISA_USAGE = YES_ERROR;
				CLANG_WARN_DOCUMENTATION_COMMENTS = YES;
				CLANG_WARN_EMPTY_BODY = YES;
				CLANG_WARN_ENUM_CONVERSION = YES;
				CLANG_WARN_INFINITE_RECURSION = YES;
				CLANG_WARN_INT_CONVERSION = YES;
				CLANG_WARN_NON_LITERAL_NULL_CONVERSION = YES;
				CLANG_WARN_OBJC_IMPLICIT_RETAIN_SELF = YES;
				CLANG_WARN_OBJC_LITERAL_CONVERSION = YES;
				CLANG_WARN_OBJC_ROOT_CLASS = YES_ERROR;
				CLANG_WARN_QUOTED_INCLUDE_IN_FRAMEWORK_HEADER = YES;
				CLANG_WARN_RANGE_LOOP_ANALYSIS = YES;
				CLANG_WARN_STRICT_PROTOTYPES = YES;
				CLANG_WARN_SUSPICIOUS_MOVE = YES;
				CLANG_WARN_UNGUARDED_AVAILABILITY = YES_AGGRESSIVE;
				CLANG_WARN_UNREACHABLE_CODE = YES;
				CLANG_WARN__DUPLICATE_METHOD_MATCH = YES;
				COPY_PHASE_STRIP = NO;
				DEBUG_INFORMATION_FORMAT = dwarf;
				ENABLE_STRICT_OBJC_MSGSEND = YES;
				ENABLE_TESTABILITY = YES;
				GCC_C_LANGUAGE_STANDARD = gnu11;
				GCC_DYNAMIC_NO_PIC = NO;
				GCC_NO_COMMON_BLOCKS = YES;
				GCC_OPTIMIZATION_LEVEL = 0;
				GCC_PREPROCESSOR_DEFINITIONS = (
					"DEBUG=1",
					"$(inherited)",
				);
				GCC_WARN_64_TO_32_BIT_CONVERSION = YES;
				GCC_WARN_ABOUT_RETURN_TYPE = YES_ERROR;
				GCC_WARN_UNDECLARED_SELECTOR = YES;
				GCC_WARN_UNINITIALIZED_AUTOS = YES_AGGRESSIVE;
				GCC_WARN_UNUSED_FUNCTION = YES;
				GCC_WARN_UNUSED_VARIABLE = YES;
				IPHONEOS_DEPLOYMENT_TARGET = 16.4;
				MTL_ENABLE_DEBUG_INFO = INCLUDE_SOURCE;
				MTL_FAST_MATH = YES;
				ONLY_ACTIVE_ARCH = YES;
				SDKROOT = iphoneos;
				SWIFT_ACTIVE_COMPILATION_CONDITIONS = DEBUG;
				SWIFT_OPTIMIZATION_LEVEL = "-Onone";
			};
			name = Debug;
		};
		DD061DB32A1783E5003DFE73 /* Release */ = {
			isa = XCBuildConfiguration;
			buildSettings = {
				ALWAYS_SEARCH_USER_PATHS = NO;
				CLANG_ANALYZER_NONNULL = YES;
				CLANG_ANALYZER_NUMBER_OBJECT_CONVERSION = YES_AGGRESSIVE;
				CLANG_CXX_LANGUAGE_STANDARD = "gnu++20";
				CLANG_ENABLE_MODULES = YES;
				CLANG_ENABLE_OBJC_ARC = YES;
				CLANG_ENABLE_OBJC_WEAK = YES;
				CLANG_WARN_BLOCK_CAPTURE_AUTORELEASING = YES;
				CLANG_WARN_BOOL_CONVERSION = YES;
				CLANG_WARN_COMMA = YES;
				CLANG_WARN_CONSTANT_CONVERSION = YES;
				CLANG_WARN_DEPRECATED_OBJC_IMPLEMENTATIONS = YES;
				CLANG_WARN_DIRECT_OBJC_ISA_USAGE = YES_ERROR;
				CLANG_WARN_DOCUMENTATION_COMMENTS = YES;
				CLANG_WARN_EMPTY_BODY = YES;
				CLANG_WARN_ENUM_CONVERSION = YES;
				CLANG_WARN_INFINITE_RECURSION = YES;
				CLANG_WARN_INT_CONVERSION = YES;
				CLANG_WARN_NON_LITERAL_NULL_CONVERSION = YES;
				CLANG_WARN_OBJC_IMPLICIT_RETAIN_SELF = YES;
				CLANG_WARN_OBJC_LITERAL_CONVERSION = YES;
				CLANG_WARN_OBJC_ROOT_CLASS = YES_ERROR;
				CLANG_WARN_QUOTED_INCLUDE_IN_FRAMEWORK_HEADER = YES;
				CLANG_WARN_RANGE_LOOP_ANALYSIS = YES;
				CLANG_WARN_STRICT_PROTOTYPES = YES;
				CLANG_WARN_SUSPICIOUS_MOVE = YES;
				CLANG_WARN_UNGUARDED_AVAILABILITY = YES_AGGRESSIVE;
				CLANG_WARN_UNREACHABLE_CODE = YES;
				CLANG_WARN__DUPLICATE_METHOD_MATCH = YES;
				COPY_PHASE_STRIP = NO;
				DEBUG_INFORMATION_FORMAT = "dwarf-with-dsym";
				ENABLE_NS_ASSERTIONS = NO;
				ENABLE_STRICT_OBJC_MSGSEND = YES;
				GCC_C_LANGUAGE_STANDARD = gnu11;
				GCC_NO_COMMON_BLOCKS = YES;
				GCC_WARN_64_TO_32_BIT_CONVERSION = YES;
				GCC_WARN_ABOUT_RETURN_TYPE = YES_ERROR;
				GCC_WARN_UNDECLARED_SELECTOR = YES;
				GCC_WARN_UNINITIALIZED_AUTOS = YES_AGGRESSIVE;
				GCC_WARN_UNUSED_FUNCTION = YES;
				GCC_WARN_UNUSED_VARIABLE = YES;
				IPHONEOS_DEPLOYMENT_TARGET = 16.4;
				MTL_ENABLE_DEBUG_INFO = NO;
				MTL_FAST_MATH = YES;
				SDKROOT = iphoneos;
				SWIFT_COMPILATION_MODE = wholemodule;
				SWIFT_OPTIMIZATION_LEVEL = "-O";
				VALIDATE_PRODUCT = YES;
			};
			name = Release;
		};
		DD061DB52A1783E5003DFE73 /* Debug */ = {
			isa = XCBuildConfiguration;
			buildSettings = {
				ASSETCATALOG_COMPILER_APPICON_NAME = AppIcon;
				ASSETCATALOG_COMPILER_GLOBAL_ACCENT_COLOR_NAME = AccentColor;
				CODE_SIGN_STYLE = Automatic;
				CURRENT_PROJECT_VERSION = 1;
				DEVELOPMENT_ASSET_PATHS = "\"WeatherReport/Preview Content\"";
				DEVELOPMENT_TEAM = 62VLSN5H88;
				ENABLE_PREVIEWS = YES;
				GENERATE_INFOPLIST_FILE = YES;
				INFOPLIST_KEY_UIApplicationSceneManifest_Generation = YES;
				INFOPLIST_KEY_UIApplicationSupportsIndirectInputEvents = YES;
				INFOPLIST_KEY_UILaunchScreen_Generation = YES;
				INFOPLIST_KEY_UISupportedInterfaceOrientations_iPad = "UIInterfaceOrientationPortrait UIInterfaceOrientationPortraitUpsideDown UIInterfaceOrientationLandscapeLeft UIInterfaceOrientationLandscapeRight";
				INFOPLIST_KEY_UISupportedInterfaceOrientations_iPhone = "UIInterfaceOrientationPortrait UIInterfaceOrientationLandscapeLeft UIInterfaceOrientationLandscapeRight";
				LD_RUNPATH_SEARCH_PATHS = (
					"$(inherited)",
					"@executable_path/Frameworks",
				);
				MARKETING_VERSION = 1.0;
				PRODUCT_BUNDLE_IDENTIFIER = ru.deshab.WeatherReport;
				PRODUCT_NAME = "$(TARGET_NAME)";
				SWIFT_EMIT_LOC_STRINGS = YES;
				SWIFT_VERSION = 5.0;
				TARGETED_DEVICE_FAMILY = "1,2";
			};
			name = Debug;
		};
		DD061DB62A1783E5003DFE73 /* Release */ = {
			isa = XCBuildConfiguration;
			buildSettings = {
				ASSETCATALOG_COMPILER_APPICON_NAME = AppIcon;
				ASSETCATALOG_COMPILER_GLOBAL_ACCENT_COLOR_NAME = AccentColor;
				CODE_SIGN_STYLE = Automatic;
				CURRENT_PROJECT_VERSION = 1;
				DEVELOPMENT_ASSET_PATHS = "\"WeatherReport/Preview Content\"";
				DEVELOPMENT_TEAM = 62VLSN5H88;
				ENABLE_PREVIEWS = YES;
				GENERATE_INFOPLIST_FILE = YES;
				INFOPLIST_KEY_UIApplicationSceneManifest_Generation = YES;
				INFOPLIST_KEY_UIApplicationSupportsIndirectInputEvents = YES;
				INFOPLIST_KEY_UILaunchScreen_Generation = YES;
				INFOPLIST_KEY_UISupportedInterfaceOrientations_iPad = "UIInterfaceOrientationPortrait UIInterfaceOrientationPortraitUpsideDown UIInterfaceOrientationLandscapeLeft UIInterfaceOrientationLandscapeRight";
				INFOPLIST_KEY_UISupportedInterfaceOrientations_iPhone = "UIInterfaceOrientationPortrait UIInterfaceOrientationLandscapeLeft UIInterfaceOrientationLandscapeRight";
				LD_RUNPATH_SEARCH_PATHS = (
					"$(inherited)",
					"@executable_path/Frameworks",
				);
				MARKETING_VERSION = 1.0;
				PRODUCT_BUNDLE_IDENTIFIER = ru.deshab.WeatherReport;
				PRODUCT_NAME = "$(TARGET_NAME)";
				SWIFT_EMIT_LOC_STRINGS = YES;
				SWIFT_VERSION = 5.0;
				TARGETED_DEVICE_FAMILY = "1,2";
			};
			name = Release;
		};
/* End XCBuildConfiguration section */

/* Begin XCConfigurationList section */
		DD061DA12A1783E3003DFE73 /* Build configuration list for PBXProject "WeatherReport" */ = {
			isa = XCConfigurationList;
			buildConfigurations = (
				DD061DB22A1783E5003DFE73 /* Debug */,
				DD061DB32A1783E5003DFE73 /* Release */,
			);
			defaultConfigurationIsVisible = 0;
			defaultConfigurationName = Release;
		};
		DD061DB42A1783E5003DFE73 /* Build configuration list for PBXNativeTarget "WeatherReport" */ = {
			isa = XCConfigurationList;
			buildConfigurations = (
				DD061DB52A1783E5003DFE73 /* Debug */,
				DD061DB62A1783E5003DFE73 /* Release */,
			);
			defaultConfigurationIsVisible = 0;
			defaultConfigurationName = Release;
		};
/* End XCConfigurationList section */
	};
	rootObject = DD061D9E2A1783E3003DFE73 /* Project object */;
}
